
Microsoft Visual Studio Solution File, Format Version 12.00
# Visual Studio Version 16
VisualStudioVersion = 16.0.29102.190
MinimumVisualStudioVersion = 10.0.40219.1
Project("{FAE04EC0-301F-11D3-BF4B-00C04F79EFBC}") = "mvc_test2", "mvc_test2.csproj", "{BC5788E8-F048-432A-830D-4937376B3412}"
EndProject
Global
	GlobalSection(SolutionConfigurationPlatforms) = preSolution
		Debug|Any CPU = Debug|Any CPU
		Release|Any CPU = Release|Any CPU
	EndGlobalSection
	GlobalSection(ProjectConfigurationPlatforms) = postSolution
		{BC5788E8-F048-432A-830D-4937376B3412}.Debug|Any CPU.ActiveCfg = Debug|Any CPU
		{BC5788E8-F048-432A-830D-4937376B3412}.Debug|Any CPU.Build.0 = Debug|Any CPU
		{BC5788E8-F048-432A-830D-4937376B3412}.Release|Any CPU.ActiveCfg = Release|Any CPU
		{BC5788E8-F048-432A-830D-4937376B3412}.Release|Any CPU.Build.0 = Release|Any CPU
	EndGlobalSection
	GlobalSection(SolutionProperties) = preSolution
		HideSolutionNode = FALSE
	EndGlobalSection
	GlobalSection(ExtensibilityGlobals) = postSolution
		SolutionGuid = {866B7CF3-C0C4-4B83-B273-3D072B14CA1F}
	EndGlobalSection
EndGlobal
